{
  "requires": true,
  "lockfileVersion": 1,
  "dependencies": {
    "simple-keyboard": {
      "version": "2.20.4",
      "resolved": "https://registry.npmjs.org/simple-keyboard/-/simple-keyboard-2.20.4.tgz",
      "integrity": "sha512-Uf69UtdqW+fKObyXW2mIsvf9cDD9Qjl3KcezKwFT6lg8dzYsSe2DQvzKGF+wHCzoOLYhApSIGa2zzYijuil/Uw=="
    }
  }
}
